// !$*UTF8*$!
{
	archiveVersion = 1;
	classes = {
	};
	objectVersion = 46;
	objects = {

/* Begin PBXBuildFile section */
		3808CAA71D09BC6D0041A0DA /* RecipeTableViewController.swift in Sources */ = {isa = PBXBuildFile; fileRef = 3808CAA61D09BC6D0041A0DA /* RecipeTableViewController.swift */; };
		3808CAA91D09C8C30041A0DA /* RecipeDetailsTableViewController.swift in Sources */ = {isa = PBXBuildFile; fileRef = 3808CAA81D09C8C30041A0DA /* RecipeDetailsTableViewController.swift */; };
		3808CAAB1D09E23A0041A0DA /* SectionsViewController.xib in Resources */ = {isa = PBXBuildFile; fileRef = 3808CAAA1D09E23A0041A0DA /* SectionsViewController.xib */; };
		3808CAAD1D09E39B0041A0DA /* RecipeTableViewController.xib in Resources */ = {isa = PBXBuildFile; fileRef = 3808CAAC1D09E39B0041A0DA /* RecipeTableViewController.xib */; };
		3808CAAF1D09E3BD0041A0DA /* RecipeDetailsTableViewController.xib in Resources */ = {isa = PBXBuildFile; fileRef = 3808CAAE1D09E3BD0041A0DA /* RecipeDetailsTableViewController.xib */; };
		3808CAB11D09E5FF0041A0DA /* Data.swift in Sources */ = {isa = PBXBuildFile; fileRef = 3808CAB01D09E5FF0041A0DA /* Data.swift */; };
		3808CAB31D09EAA10041A0DA /* DescriptionCell.swift in Sources */ = {isa = PBXBuildFile; fileRef = 3808CAB21D09EAA10041A0DA /* DescriptionCell.swift */; };
		3808CAB51D09EB770041A0DA /* IngredientSection.swift in Sources */ = {isa = PBXBuildFile; fileRef = 3808CAB41D09EB770041A0DA /* IngredientSection.swift */; };
		3808CAB71D09EDDC0041A0DA /* DescriptionSection.swift in Sources */ = {isa = PBXBuildFile; fileRef = 3808CAB61D09EDDC0041A0DA /* DescriptionSection.swift */; };
		388521581D0086DD0095F2AC /* AppDelegate.swift in Sources */ = {isa = PBXBuildFile; fileRef = 388521571D0086DD0095F2AC /* AppDelegate.swift */; };
		3885215F1D0086DD0095F2AC /* Assets.xcassets in Resources */ = {isa = PBXBuildFile; fileRef = 3885215E1D0086DD0095F2AC /* Assets.xcassets */; };
		388521621D0086DD0095F2AC /* LaunchScreen.storyboard in Resources */ = {isa = PBXBuildFile; fileRef = 388521601D0086DD0095F2AC /* LaunchScreen.storyboard */; };
		3885216A1D0086E80095F2AC /* SectionsViewController.swift in Sources */ = {isa = PBXBuildFile; fileRef = 388521691D0086E80095F2AC /* SectionsViewController.swift */; };
		3885216C1D0086ED0095F2AC /* Section.swift in Sources */ = {isa = PBXBuildFile; fileRef = 3885216B1D0086ED0095F2AC /* Section.swift */; };
		3885216E1D0086F20095F2AC /* Row.swift in Sources */ = {isa = PBXBuildFile; fileRef = 3885216D1D0086F20095F2AC /* Row.swift */; };
		388521711D008B530095F2AC /* RecipeCell.swift in Sources */ = {isa = PBXBuildFile; fileRef = 388521701D008B530095F2AC /* RecipeCell.swift */; };
		388521731D008B600095F2AC /* RecipeSectionsViewController.swift in Sources */ = {isa = PBXBuildFile; fileRef = 388521721D008B600095F2AC /* RecipeSectionsViewController.swift */; };
		388521771D008C9D0095F2AC /* IngredientCell.swift in Sources */ = {isa = PBXBuildFile; fileRef = 388521761D008C9D0095F2AC /* IngredientCell.swift */; };
		388521791D008DEA0095F2AC /* RecipesSection.swift in Sources */ = {isa = PBXBuildFile; fileRef = 388521781D008DEA0095F2AC /* RecipesSection.swift */; };
		3885217B1D00C37F0095F2AC /* RecipeDetailsSectionsViewController.swift in Sources */ = {isa = PBXBuildFile; fileRef = 3885217A1D00C37F0095F2AC /* RecipeDetailsSectionsViewController.swift */; };
/* End PBXBuildFile section */

/* Begin PBXFileReference section */
		3808CAA61D09BC6D0041A0DA /* RecipeTableViewController.swift */ = {isa = PBXFileReference; fileEncoding = 4; lastKnownFileType = sourcecode.swift; path = RecipeTableViewController.swift; sourceTree = "<group>"; };
		3808CAA81D09C8C30041A0DA /* RecipeDetailsTableViewController.swift */ = {isa = PBXFileReference; fileEncoding = 4; lastKnownFileType = sourcecode.swift; path = RecipeDetailsTableViewController.swift; sourceTree = "<group>"; };
		3808CAAA1D09E23A0041A0DA /* SectionsViewController.xib */ = {isa = PBXFileReference; fileEncoding = 4; lastKnownFileType = file.xib; path = SectionsViewController.xib; sourceTree = "<group>"; };
		3808CAAC1D09E39B0041A0DA /* RecipeTableViewController.xib */ = {isa = PBXFileReference; fileEncoding = 4; lastKnownFileType = file.xib; path = RecipeTableViewController.xib; sourceTree = "<group>"; };
		3808CAAE1D09E3BD0041A0DA /* RecipeDetailsTableViewController.xib */ = {isa = PBXFileReference; fileEncoding = 4; lastKnownFileType = file.xib; path = RecipeDetailsTableViewController.xib; sourceTree = "<group>"; };
		3808CAB01D09E5FF0041A0DA /* Data.swift */ = {isa = PBXFileReference; fileEncoding = 4; lastKnownFileType = sourcecode.swift; path = Data.swift; sourceTree = "<group>"; };
		3808CAB21D09EAA10041A0DA /* DescriptionCell.swift */ = {isa = PBXFileReference; fileEncoding = 4; lastKnownFileType = sourcecode.swift; path = DescriptionCell.swift; sourceTree = "<group>"; };
		3808CAB41D09EB770041A0DA /* IngredientSection.swift */ = {isa = PBXFileReference; fileEncoding = 4; lastKnownFileType = sourcecode.swift; path = IngredientSection.swift; sourceTree = "<group>"; };
		3808CAB61D09EDDC0041A0DA /* DescriptionSection.swift */ = {isa = PBXFileReference; fileEncoding = 4; lastKnownFileType = sourcecode.swift; path = DescriptionSection.swift; sourceTree = "<group>"; };
		388521541D0086DD0095F2AC /* Recipes.app */ = {isa = PBXFileReference; explicitFileType = wrapper.application; includeInIndex = 0; path = Recipes.app; sourceTree = BUILT_PRODUCTS_DIR; };
		388521571D0086DD0095F2AC /* AppDelegate.swift */ = {isa = PBXFileReference; lastKnownFileType = sourcecode.swift; path = AppDelegate.swift; sourceTree = "<group>"; };
		3885215E1D0086DD0095F2AC /* Assets.xcassets */ = {isa = PBXFileReference; lastKnownFileType = folder.assetcatalog; path = Assets.xcassets; sourceTree = "<group>"; };
		388521611D0086DD0095F2AC /* Base */ = {isa = PBXFileReference; lastKnownFileType = file.storyboard; name = Base; path = Base.lproj/LaunchScreen.storyboard; sourceTree = "<group>"; };
		388521631D0086DD0095F2AC /* Info.plist */ = {isa = PBXFileReference; lastKnownFileType = text.plist.xml; path = Info.plist; sourceTree = "<group>"; };
		388521691D0086E80095F2AC /* SectionsViewController.swift */ = {isa = PBXFileReference; fileEncoding = 4; lastKnownFileType = sourcecode.swift; path = SectionsViewController.swift; sourceTree = "<group>"; };
		3885216B1D0086ED0095F2AC /* Section.swift */ = {isa = PBXFileReference; fileEncoding = 4; lastKnownFileType = sourcecode.swift; path = Section.swift; sourceTree = "<group>"; };
		3885216D1D0086F20095F2AC /* Row.swift */ = {isa = PBXFileReference; fileEncoding = 4; lastKnownFileType = sourcecode.swift; path = Row.swift; sourceTree = "<group>"; };
		388521701D008B530095F2AC /* RecipeCell.swift */ = {isa = PBXFileReference; fileEncoding = 4; lastKnownFileType = sourcecode.swift; path = RecipeCell.swift; sourceTree = "<group>"; };
		388521721D008B600095F2AC /* RecipeSectionsViewController.swift */ = {isa = PBXFileReference; fileEncoding = 4; lastKnownFileType = sourcecode.swift; path = RecipeSectionsViewController.swift; sourceTree = "<group>"; };
		388521761D008C9D0095F2AC /* IngredientCell.swift */ = {isa = PBXFileReference; fileEncoding = 4; lastKnownFileType = sourcecode.swift; path = IngredientCell.swift; sourceTree = "<group>"; };
		388521781D008DEA0095F2AC /* RecipesSection.swift */ = {isa = PBXFileReference; fileEncoding = 4; lastKnownFileType = sourcecode.swift; path = RecipesSection.swift; sourceTree = "<group>"; };
		3885217A1D00C37F0095F2AC /* RecipeDetailsSectionsViewController.swift */ = {isa = PBXFileReference; fileEncoding = 4; lastKnownFileType = sourcecode.swift; path = RecipeDetailsSectionsViewController.swift; sourceTree = "<group>"; };
/* End PBXFileReference section */

/* Begin PBXFrameworksBuildPhase section */
		388521511D0086DD0095F2AC /* Frameworks */ = {
			isa = PBXFrameworksBuildPhase;
			buildActionMask = 2147483647;
			files = (
			);
			runOnlyForDeploymentPostprocessing = 0;
		};
/* End PBXFrameworksBuildPhase section */

/* Begin PBXGroup section */
		3885214B1D0086DD0095F2AC = {
			isa = PBXGroup;
			children = (
				388521561D0086DD0095F2AC /* Recipes */,
				388521551D0086DD0095F2AC /* Products */,
			);
			sourceTree = "<group>";
		};
		388521551D0086DD0095F2AC /* Products */ = {
			isa = PBXGroup;
			children = (
				388521541D0086DD0095F2AC /* Recipes.app */,
			);
			name = Products;
			sourceTree = "<group>";
		};
		388521561D0086DD0095F2AC /* Recipes */ = {
			isa = PBXGroup;
			children = (
				388521571D0086DD0095F2AC /* AppDelegate.swift */,
				388521721D008B600095F2AC /* RecipeSectionsViewController.swift */,
				3808CAA61D09BC6D0041A0DA /* RecipeTableViewController.swift */,
				3808CAAC1D09E39B0041A0DA /* RecipeTableViewController.xib */,
				3885217A1D00C37F0095F2AC /* RecipeDetailsSectionsViewController.swift */,
				3808CAA81D09C8C30041A0DA /* RecipeDetailsTableViewController.swift */,
				3808CAAE1D09E3BD0041A0DA /* RecipeDetailsTableViewController.xib */,
				388521781D008DEA0095F2AC /* RecipesSection.swift */,
				388521701D008B530095F2AC /* RecipeCell.swift */,
				3808CAB41D09EB770041A0DA /* IngredientSection.swift */,
				388521761D008C9D0095F2AC /* IngredientCell.swift */,
				3808CAB21D09EAA10041A0DA /* DescriptionCell.swift */,
				3808CAB61D09EDDC0041A0DA /* DescriptionSection.swift */,
				3808CAB01D09E5FF0041A0DA /* Data.swift */,
				3885216F1D0088C50095F2AC /* SectionsViewController */,
				3885215E1D0086DD0095F2AC /* Assets.xcassets */,
				388521601D0086DD0095F2AC /* LaunchScreen.storyboard */,
				388521631D0086DD0095F2AC /* Info.plist */,
			);
			path = Recipes;
			sourceTree = "<group>";
		};
		3885216F1D0088C50095F2AC /* SectionsViewController */ = {
			isa = PBXGroup;
			children = (
				3808CAAA1D09E23A0041A0DA /* SectionsViewController.xib */,
				388521691D0086E80095F2AC /* SectionsViewController.swift */,
				3885216B1D0086ED0095F2AC /* Section.swift */,
				3885216D1D0086F20095F2AC /* Row.swift */,
			);
			name = SectionsViewController;
			sourceTree = "<group>";
		};
/* End PBXGroup section */

/* Begin PBXNativeTarget section */
		388521531D0086DD0095F2AC /* Recipes */ = {
			isa = PBXNativeTarget;
			buildConfigurationList = 388521661D0086DD0095F2AC /* Build configuration list for PBXNativeTarget "Recipes" */;
			buildPhases = (
				388521501D0086DD0095F2AC /* Sources */,
				388521511D0086DD0095F2AC /* Frameworks */,
				388521521D0086DD0095F2AC /* Resources */,
			);
			buildRules = (
			);
			dependencies = (
			);
			name = Recipes;
			productName = Recipes;
			productReference = 388521541D0086DD0095F2AC /* Recipes.app */;
			productType = "com.apple.product-type.application";
		};
/* End PBXNativeTarget section */

/* Begin PBXProject section */
		3885214C1D0086DD0095F2AC /* Project object */ = {
			isa = PBXProject;
			attributes = {
				LastSwiftUpdateCheck = 0730;
				LastUpgradeCheck = 0730;
				ORGANIZATIONNAME = Restorando;
				TargetAttributes = {
					388521531D0086DD0095F2AC = {
						CreatedOnToolsVersion = 7.3.1;
					};
				};
			};
			buildConfigurationList = 3885214F1D0086DD0095F2AC /* Build configuration list for PBXProject "Recipes" */;
			compatibilityVersion = "Xcode 3.2";
			developmentRegion = English;
			hasScannedForEncodings = 0;
			knownRegions = (
				en,
				Base,
			);
			mainGroup = 3885214B1D0086DD0095F2AC;
			productRefGroup = 388521551D0086DD0095F2AC /* Products */;
			projectDirPath = "";
			projectRoot = "";
			targets = (
				388521531D0086DD0095F2AC /* Recipes */,
			);
		};
/* End PBXProject section */

/* Begin PBXResourcesBuildPhase section */
		388521521D0086DD0095F2AC /* Resources */ = {
			isa = PBXResourcesBuildPhase;
			buildActionMask = 2147483647;
			files = (
				388521621D0086DD0095F2AC /* LaunchScreen.storyboard in Resources */,
				3808CAAD1D09E39B0041A0DA /* RecipeTableViewController.xib in Resources */,
				3808CAAB1D09E23A0041A0DA /* SectionsViewController.xib in Resources */,
				3885215F1D0086DD0095F2AC /* Assets.xcassets in Resources */,
				3808CAAF1D09E3BD0041A0DA /* RecipeDetailsTableViewController.xib in Resources */,
			);
			runOnlyForDeploymentPostprocessing = 0;
		};
/* End PBXResourcesBuildPhase section */

/* Begin PBXSourcesBuildPhase section */
		388521501D0086DD0095F2AC /* Sources */ = {
			isa = PBXSourcesBuildPhase;
			buildActionMask = 2147483647;
			files = (
				388521771D008C9D0095F2AC /* IngredientCell.swift in Sources */,
				3808CAB31D09EAA10041A0DA /* DescriptionCell.swift in Sources */,
				388521711D008B530095F2AC /* RecipeCell.swift in Sources */,
				3885216C1D0086ED0095F2AC /* Section.swift in Sources */,
				3885216A1D0086E80095F2AC /* SectionsViewController.swift in Sources */,
				3808CAB71D09EDDC0041A0DA /* DescriptionSection.swift in Sources */,
				3808CAA71D09BC6D0041A0DA /* RecipeTableViewController.swift in Sources */,
				3808CAB51D09EB770041A0DA /* IngredientSection.swift in Sources */,
				3885216E1D0086F20095F2AC /* Row.swift in Sources */,
				388521731D008B600095F2AC /* RecipeSectionsViewController.swift in Sources */,
				3808CAB11D09E5FF0041A0DA /* Data.swift in Sources */,
				3808CAA91D09C8C30041A0DA /* RecipeDetailsTableViewController.swift in Sources */,
				3885217B1D00C37F0095F2AC /* RecipeDetailsSectionsViewController.swift in Sources */,
				388521791D008DEA0095F2AC /* RecipesSection.swift in Sources */,
				388521581D0086DD0095F2AC /* AppDelegate.swift in Sources */,
			);
			runOnlyForDeploymentPostprocessing = 0;
		};
/* End PBXSourcesBuildPhase section */

/* Begin PBXVariantGroup section */
		388521601D0086DD0095F2AC /* LaunchScreen.storyboard */ = {
			isa = PBXVariantGroup;
			children = (
				388521611D0086DD0095F2AC /* Base */,
			);
			name = LaunchScreen.storyboard;
			sourceTree = "<group>";
		};
/* End PBXVariantGroup section */

/* Begin XCBuildConfiguration section */
		388521641D0086DD0095F2AC /* Debug */ = {
			isa = XCBuildConfiguration;
			buildSettings = {
				ALWAYS_SEARCH_USER_PATHS = NO;
				CLANG_ANALYZER_NONNULL = YES;
				CLANG_CXX_LANGUAGE_STANDARD = "gnu++0x";
				CLANG_CXX_LIBRARY = "libc++";
				CLANG_ENABLE_MODULES = YES;
				CLANG_ENABLE_OBJC_ARC = YES;
				CLANG_WARN_BOOL_CONVERSION = YES;
				CLANG_WARN_CONSTANT_CONVERSION = YES;
				CLANG_WARN_DIRECT_OBJC_ISA_USAGE = YES_ERROR;
				CLANG_WARN_EMPTY_BODY = YES;
				CLANG_WARN_ENUM_CONVERSION = YES;
				CLANG_WARN_INT_CONVERSION = YES;
				CLANG_WARN_OBJC_ROOT_CLASS = YES_ERROR;
				CLANG_WARN_UNREACHABLE_CODE = YES;
				CLANG_WARN__DUPLICATE_METHOD_MATCH = YES;
				"CODE_SIGN_IDENTITY[sdk=iphoneos*]" = "iPhone Developer";
				COPY_PHASE_STRIP = NO;
				DEBUG_INFORMATION_FORMAT = dwarf;
				ENABLE_STRICT_OBJC_MSGSEND = YES;
				ENABLE_TESTABILITY = YES;
				GCC_C_LANGUAGE_STANDARD = gnu99;
				GCC_DYNAMIC_NO_PIC = NO;
				GCC_NO_COMMON_BLOCKS = YES;
				GCC_OPTIMIZATION_LEVEL = 0;
				GCC_PREPROCESSOR_DEFINITIONS = (
					"DEBUG=1",
					"$(inherited)",
				);
				GCC_WARN_64_TO_32_BIT_CONVERSION = YES;
				GCC_WARN_ABOUT_RETURN_TYPE = YES_ERROR;
				GCC_WARN_UNDECLARED_SELECTOR = YES;
				GCC_WARN_UNINITIALIZED_AUTOS = YES_AGGRESSIVE;
				GCC_WARN_UNUSED_FUNCTION = YES;
				GCC_WARN_UNUSED_VARIABLE = YES;
				IPHONEOS_DEPLOYMENT_TARGET = 9.3;
				MTL_ENABLE_DEBUG_INFO = YES;
				ONLY_ACTIVE_ARCH = YES;
				SDKROOT = iphoneos;
				SWIFT_OPTIMIZATION_LEVEL = "-Onone";
			};
			name = Debug;
		};
		388521651D0086DD0095F2AC /* Release */ = {
			isa = XCBuildConfiguration;
			buildSettings = {
				ALWAYS_SEARCH_USER_PATHS = NO;
				CLANG_ANALYZER_NONNULL = YES;
				CLANG_CXX_LANGUAGE_STANDARD = "gnu++0x";
				CLANG_CXX_LIBRARY = "libc++";
				CLANG_ENABLE_MODULES = YES;
				CLANG_ENABLE_OBJC_ARC = YES;
				CLANG_WARN_BOOL_CONVERSION = YES;
				CLANG_WARN_CONSTANT_CONVERSION = YES;
				CLANG_WARN_DIRECT_OBJC_ISA_USAGE = YES_ERROR;
				CLANG_WARN_EMPTY_BODY = YES;
				CLANG_WARN_ENUM_CONVERSION = YES;
				CLANG_WARN_INT_CONVERSION = YES;
				CLANG_WARN_OBJC_ROOT_CLASS = YES_ERROR;
				CLANG_WARN_UNREACHABLE_CODE = YES;
				CLANG_WARN__DUPLICATE_METHOD_MATCH = YES;
				"CODE_SIGN_IDENTITY[sdk=iphoneos*]" = "iPhone Developer";
				COPY_PHASE_STRIP = NO;
				DEBUG_INFORMATION_FORMAT = "dwarf-with-dsym";
				ENABLE_NS_ASSERTIONS = NO;
				ENABLE_STRICT_OBJC_MSGSEND = YES;
				GCC_C_LANGUAGE_STANDARD = gnu99;
				GCC_NO_COMMON_BLOCKS = YES;
				GCC_WARN_64_TO_32_BIT_CONVERSION = YES;
				GCC_WARN_ABOUT_RETURN_TYPE = YES_ERROR;
				GCC_WARN_UNDECLARED_SELECTOR = YES;
				GCC_WARN_UNINITIALIZED_AUTOS = YES_AGGRESSIVE;
				GCC_WARN_UNUSED_FUNCTION = YES;
				GCC_WARN_UNUSED_VARIABLE = YES;
				IPHONEOS_DEPLOYMENT_TARGET = 9.3;
				MTL_ENABLE_DEBUG_INFO = NO;
				SDKROOT = iphoneos;
				VALIDATE_PRODUCT = YES;
			};
			name = Release;
		};
		388521671D0086DD0095F2AC /* Debug */ = {
			isa = XCBuildConfiguration;
			buildSettings = {
				ASSETCATALOG_COMPILER_APPICON_NAME = AppIcon;
				INFOPLIST_FILE = Recipes/Info.plist;
				LD_RUNPATH_SEARCH_PATHS = "$(inherited) @executable_path/Frameworks";
				PRODUCT_BUNDLE_IDENTIFIER = com.restorando.Recipes;
				PRODUCT_NAME = "$(TARGET_NAME)";
			};
			name = Debug;
		};
		388521681D0086DD0095F2AC /* Release */ = {
			isa = XCBuildConfiguration;
			buildSettings = {
				ASSETCATALOG_COMPILER_APPICON_NAME = AppIcon;
				INFOPLIST_FILE = Recipes/Info.plist;
				LD_RUNPATH_SEARCH_PATHS = "$(inherited) @executable_path/Frameworks";
				PRODUCT_BUNDLE_IDENTIFIER = com.restorando.Recipes;
				PRODUCT_NAME = "$(TARGET_NAME)";
			};
			name = Release;
		};
/* End XCBuildConfiguration section */

/* Begin XCConfigurationList section */
		3885214F1D0086DD0095F2AC /* Build configuration list for PBXProject "Recipes" */ = {
			isa = XCConfigurationList;
			buildConfigurations = (
				388521641D0086DD0095F2AC /* Debug */,
				388521651D0086DD0095F2AC /* Release */,
			);
			defaultConfigurationIsVisible = 0;
			defaultConfigurationName = Release;
		};
		388521661D0086DD0095F2AC /* Build configuration list for PBXNativeTarget "Recipes" */ = {
			isa = XCConfigurationList;
			buildConfigurations = (
				388521671D0086DD0095F2AC /* Debug */,
				388521681D0086DD0095F2AC /* Release */,
			);
			defaultConfigurationIsVisible = 0;
			defaultConfigurationName = Release;
		};
/* End XCConfigurationList section */
	};
	rootObject = 3885214C1D0086DD0095F2AC /* Project object */;
}
